
Microsoft Visual Studio Solution File, Format Version 12.00
# Visual Studio Version 16
VisualStudioVersion = 16.0.29911.84
MinimumVisualStudioVersion = 10.0.40219.1
Project("{FAE04EC0-301F-11D3-BF4B-00C04F79EFBC}") = "MVCWebApp", "MVCWebApp\MVCWebApp.csproj", "{96FF5F8F-8C4B-4EFE-8C60-57DDCE82CFCC}"
EndProject
Global
	GlobalSection(SolutionConfigurationPlatforms) = preSolution
		Debug|Any CPU = Debug|Any CPU
		Release|Any CPU = Release|Any CPU
	EndGlobalSection
	GlobalSection(ProjectConfigurationPlatforms) = postSolution
		{96FF5F8F-8C4B-4EFE-8C60-57DDCE82CFCC}.Debug|Any CPU.ActiveCfg = Debug|Any CPU
		{96FF5F8F-8C4B-4EFE-8C60-57DDCE82CFCC}.Debug|Any CPU.Build.0 = Debug|Any CPU
		{96FF5F8F-8C4B-4EFE-8C60-57DDCE82CFCC}.Release|Any CPU.ActiveCfg = Release|Any CPU
		{96FF5F8F-8C4B-4EFE-8C60-57DDCE82CFCC}.Release|Any CPU.Build.0 = Release|Any CPU
	EndGlobalSection
	GlobalSection(SolutionProperties) = preSolution
		HideSolutionNode = FALSE
	EndGlobalSection
	GlobalSection(ExtensibilityGlobals) = postSolution
		SolutionGuid = {A710F2A3-DF51-43F9-B30D-B9F8B43A1626}
	EndGlobalSection
EndGlobal
